
Microsoft Visual Studio Solution File, Format Version 12.00
Project("{FAE04EC0-301F-11D3-BF4B-00C04F79EFBC}") = "AoC_2020", "AoC_2020.csproj", "{6CA7FF88-ECAA-425D-A94A-7395C7DE6207}"
EndProject
Global
	GlobalSection(SolutionConfigurationPlatforms) = preSolution
		Debug|Any CPU = Debug|Any CPU
		Release|Any CPU = Release|Any CPU
	EndGlobalSection
	GlobalSection(ProjectConfigurationPlatforms) = postSolution
		{6CA7FF88-ECAA-425D-A94A-7395C7DE6207}.Debug|Any CPU.ActiveCfg = Debug|Any CPU
		{6CA7FF88-ECAA-425D-A94A-7395C7DE6207}.Debug|Any CPU.Build.0 = Debug|Any CPU
		{6CA7FF88-ECAA-425D-A94A-7395C7DE6207}.Release|Any CPU.ActiveCfg = Release|Any CPU
		{6CA7FF88-ECAA-425D-A94A-7395C7DE6207}.Release|Any CPU.Build.0 = Release|Any CPU
	EndGlobalSection
EndGlobal
